{
  "pins" : [
    {
      "identity" : "swift-argument-parser",
      "kind" : "remoteSourceControl",
      "location" : "https://github.com/apple/swift-argument-parser",
      "state" : {
        "revision" : "e394bf350e38cb100b6bc4172834770ede1b7232",
        "version" : "1.0.3"
      }
    },
    {
      "identity" : "xcodeedit",
      "kind" : "remoteSourceControl",
      "location" : "https://github.com/tomlokhorst/XcodeEdit",
      "state" : {
        "revision" : "cd466d6e8c5ffd2f2b61165d37b0646f09068e1e",
        "version" : "2.9.0"
      }
    }
  ],
  "version" : 2
}
